// !$*UTF8*$!
{
	archiveVersion = 1;
	classes = {
	};
	objectVersion = 50;
	objects = {

/* Begin PBXBuildFile section */
		7245059E26A5C80F00004FDD /* DKColorButtonView.m in Sources */ = {isa = PBXBuildFile; fileRef = 7245059D26A5C80F00004FDD /* DKColorButtonView.m */; };
		724505A226A62E2200004FDD /* DKSliderView.m in Sources */ = {isa = PBXBuildFile; fileRef = 724505A126A62E2200004FDD /* DKSliderView.m */; };
		72ADEBB126A4B1E900D1B8B8 /* DKPaletteView.m in Sources */ = {isa = PBXBuildFile; fileRef = 72ADEBB026A4B1E900D1B8B8 /* DKPaletteView.m */; };
		72ADEBB526A4EE2600D1B8B8 /* DKColorButton.m in Sources */ = {isa = PBXBuildFile; fileRef = 72ADEBB426A4EE2600D1B8B8 /* DKColorButton.m */; };
		72F2605526A2C3B400C26BC6 /* AppDelegate.m in Sources */ = {isa = PBXBuildFile; fileRef = 72F2605426A2C3B400C26BC6 /* AppDelegate.m */; };
		72F2605926A2C3B600C26BC6 /* Assets.xcassets in Resources */ = {isa = PBXBuildFile; fileRef = 72F2605826A2C3B600C26BC6 /* Assets.xcassets */; };
		72F2605C26A2C3B600C26BC6 /* LaunchScreen.storyboard in Resources */ = {isa = PBXBuildFile; fileRef = 72F2605A26A2C3B600C26BC6 /* LaunchScreen.storyboard */; };
		72F2605F26A2C3B600C26BC6 /* main.m in Sources */ = {isa = PBXBuildFile; fileRef = 72F2605E26A2C3B600C26BC6 /* main.m */; };
		72F2606D26A2C82300C26BC6 /* DKArtistViewController.m in Sources */ = {isa = PBXBuildFile; fileRef = 72F2606C26A2C82300C26BC6 /* DKArtistViewController.m */; };
		72F2608026A2CEA900C26BC6 /* DKDrawingsViewController.m in Sources */ = {isa = PBXBuildFile; fileRef = 72F2607F26A2CEA900C26BC6 /* DKDrawingsViewController.m */; };
		72F2608726A2E8CB00C26BC6 /* DKDrawingsView.m in Sources */ = {isa = PBXBuildFile; fileRef = 72F2608626A2E8CB00C26BC6 /* DKDrawingsView.m */; };
		72F2608E26A2ED1F00C26BC6 /* DKButton.m in Sources */ = {isa = PBXBuildFile; fileRef = 72F2608D26A2ED1F00C26BC6 /* DKButton.m */; };
		72F2609526A34E4600C26BC6 /* DKColor.m in Sources */ = {isa = PBXBuildFile; fileRef = 72F2609426A34E4600C26BC6 /* DKColor.m */; };
		72F260AC26A3987600C26BC6 /* DKModalViewController.m in Sources */ = {isa = PBXBuildFile; fileRef = 72F260AB26A3987600C26BC6 /* DKModalViewController.m */; };
/* End PBXBuildFile section */

/* Begin PBXFileReference section */
		7245059C26A5C80F00004FDD /* DKColorButtonView.h */ = {isa = PBXFileReference; lastKnownFileType = sourcecode.c.h; path = DKColorButtonView.h; sourceTree = "<group>"; };
		7245059D26A5C80F00004FDD /* DKColorButtonView.m */ = {isa = PBXFileReference; lastKnownFileType = sourcecode.c.objc; path = DKColorButtonView.m; sourceTree = "<group>"; };
		724505A026A62E2200004FDD /* DKSliderView.h */ = {isa = PBXFileReference; lastKnownFileType = sourcecode.c.h; path = DKSliderView.h; sourceTree = "<group>"; };
		724505A126A62E2200004FDD /* DKSliderView.m */ = {isa = PBXFileReference; lastKnownFileType = sourcecode.c.objc; path = DKSliderView.m; sourceTree = "<group>"; };
		72ADEBAF26A4B1E900D1B8B8 /* DKPaletteView.h */ = {isa = PBXFileReference; lastKnownFileType = sourcecode.c.h; path = DKPaletteView.h; sourceTree = "<group>"; };
		72ADEBB026A4B1E900D1B8B8 /* DKPaletteView.m */ = {isa = PBXFileReference; lastKnownFileType = sourcecode.c.objc; path = DKPaletteView.m; sourceTree = "<group>"; };
		72ADEBB326A4EE2600D1B8B8 /* DKColorButton.h */ = {isa = PBXFileReference; lastKnownFileType = sourcecode.c.h; path = DKColorButton.h; sourceTree = "<group>"; };
		72ADEBB426A4EE2600D1B8B8 /* DKColorButton.m */ = {isa = PBXFileReference; lastKnownFileType = sourcecode.c.objc; path = DKColorButton.m; sourceTree = "<group>"; };
		72F2605026A2C3B400C26BC6 /* RSSDraw.app */ = {isa = PBXFileReference; explicitFileType = wrapper.application; includeInIndex = 0; path = RSSDraw.app; sourceTree = BUILT_PRODUCTS_DIR; };
		72F2605326A2C3B400C26BC6 /* AppDelegate.h */ = {isa = PBXFileReference; lastKnownFileType = sourcecode.c.h; path = AppDelegate.h; sourceTree = "<group>"; };
		72F2605426A2C3B400C26BC6 /* AppDelegate.m */ = {isa = PBXFileReference; lastKnownFileType = sourcecode.c.objc; path = AppDelegate.m; sourceTree = "<group>"; };
		72F2605826A2C3B600C26BC6 /* Assets.xcassets */ = {isa = PBXFileReference; lastKnownFileType = folder.assetcatalog; path = Assets.xcassets; sourceTree = "<group>"; };
		72F2605B26A2C3B600C26BC6 /* Base */ = {isa = PBXFileReference; lastKnownFileType = file.storyboard; name = Base; path = Base.lproj/LaunchScreen.storyboard; sourceTree = "<group>"; };
		72F2605D26A2C3B600C26BC6 /* Info.plist */ = {isa = PBXFileReference; lastKnownFileType = text.plist.xml; path = Info.plist; sourceTree = "<group>"; };
		72F2605E26A2C3B600C26BC6 /* main.m */ = {isa = PBXFileReference; lastKnownFileType = sourcecode.c.objc; path = main.m; sourceTree = "<group>"; };
		72F2606B26A2C82300C26BC6 /* DKArtistViewController.h */ = {isa = PBXFileReference; lastKnownFileType = sourcecode.c.h; path = DKArtistViewController.h; sourceTree = "<group>"; };
		72F2606C26A2C82300C26BC6 /* DKArtistViewController.m */ = {isa = PBXFileReference; lastKnownFileType = sourcecode.c.objc; path = DKArtistViewController.m; sourceTree = "<group>"; };
		72F2607E26A2CEA900C26BC6 /* DKDrawingsViewController.h */ = {isa = PBXFileReference; lastKnownFileType = sourcecode.c.h; path = DKDrawingsViewController.h; sourceTree = "<group>"; };
		72F2607F26A2CEA900C26BC6 /* DKDrawingsViewController.m */ = {isa = PBXFileReference; lastKnownFileType = sourcecode.c.objc; path = DKDrawingsViewController.m; sourceTree = "<group>"; };
		72F2608526A2E8CB00C26BC6 /* DKDrawingsView.h */ = {isa = PBXFileReference; lastKnownFileType = sourcecode.c.h; path = DKDrawingsView.h; sourceTree = "<group>"; };
		72F2608626A2E8CB00C26BC6 /* DKDrawingsView.m */ = {isa = PBXFileReference; lastKnownFileType = sourcecode.c.objc; path = DKDrawingsView.m; sourceTree = "<group>"; };
		72F2608C26A2ED1F00C26BC6 /* DKButton.h */ = {isa = PBXFileReference; lastKnownFileType = sourcecode.c.h; path = DKButton.h; sourceTree = "<group>"; };
		72F2608D26A2ED1F00C26BC6 /* DKButton.m */ = {isa = PBXFileReference; lastKnownFileType = sourcecode.c.objc; path = DKButton.m; sourceTree = "<group>"; };
		72F2609326A34E4600C26BC6 /* DKColor.h */ = {isa = PBXFileReference; lastKnownFileType = sourcecode.c.h; path = DKColor.h; sourceTree = "<group>"; };
		72F2609426A34E4600C26BC6 /* DKColor.m */ = {isa = PBXFileReference; lastKnownFileType = sourcecode.c.objc; path = DKColor.m; sourceTree = "<group>"; };
		72F260A026A3686400C26BC6 /* Montserrat-Regular.ttf */ = {isa = PBXFileReference; lastKnownFileType = file; path = "Montserrat-Regular.ttf"; sourceTree = "<group>"; };
		72F260A126A3686400C26BC6 /* Montserrat-Medium.ttf */ = {isa = PBXFileReference; lastKnownFileType = file; path = "Montserrat-Medium.ttf"; sourceTree = "<group>"; };
		72F260AA26A3987600C26BC6 /* DKModalViewController.h */ = {isa = PBXFileReference; lastKnownFileType = sourcecode.c.h; path = DKModalViewController.h; sourceTree = "<group>"; };
		72F260AB26A3987600C26BC6 /* DKModalViewController.m */ = {isa = PBXFileReference; lastKnownFileType = sourcecode.c.objc; path = DKModalViewController.m; sourceTree = "<group>"; };
/* End PBXFileReference section */

/* Begin PBXFrameworksBuildPhase section */
		72F2604D26A2C3B400C26BC6 /* Frameworks */ = {
			isa = PBXFrameworksBuildPhase;
			buildActionMask = 2147483647;
			files = (
			);
			runOnlyForDeploymentPostprocessing = 0;
		};
/* End PBXFrameworksBuildPhase section */

/* Begin PBXGroup section */
		72ADEBB826A4FBF900D1B8B8 /* Delegates */ = {
			isa = PBXGroup;
			children = (
			);
			name = Delegates;
			sourceTree = "<group>";
		};
		72F2604726A2C3B400C26BC6 = {
			isa = PBXGroup;
			children = (
				72F2605226A2C3B400C26BC6 /* RSSDraw */,
				72F2605126A2C3B400C26BC6 /* Products */,
			);
			sourceTree = "<group>";
		};
		72F2605126A2C3B400C26BC6 /* Products */ = {
			isa = PBXGroup;
			children = (
				72F2605026A2C3B400C26BC6 /* RSSDraw.app */,
			);
			name = Products;
			sourceTree = "<group>";
		};
		72F2605226A2C3B400C26BC6 /* RSSDraw */ = {
			isa = PBXGroup;
			children = (
				72ADEBB826A4FBF900D1B8B8 /* Delegates */,
				72F2609F26A3684C00C26BC6 /* Fonts */,
				72F2609026A2ED4900C26BC6 /* Models */,
				72F2608926A2E8D500C26BC6 /* Views */,
				72F2607726A2CE3600C26BC6 /* ViewControllers */,
				72F2605326A2C3B400C26BC6 /* AppDelegate.h */,
				72F2605426A2C3B400C26BC6 /* AppDelegate.m */,
				72F2605826A2C3B600C26BC6 /* Assets.xcassets */,
				72F2605A26A2C3B600C26BC6 /* LaunchScreen.storyboard */,
				72F2605D26A2C3B600C26BC6 /* Info.plist */,
				72F2605E26A2C3B600C26BC6 /* main.m */,
			);
			path = RSSDraw;
			sourceTree = "<group>";
		};
		72F2607726A2CE3600C26BC6 /* ViewControllers */ = {
			isa = PBXGroup;
			children = (
				72F2606B26A2C82300C26BC6 /* DKArtistViewController.h */,
				72F2606C26A2C82300C26BC6 /* DKArtistViewController.m */,
				72F2607E26A2CEA900C26BC6 /* DKDrawingsViewController.h */,
				72F2607F26A2CEA900C26BC6 /* DKDrawingsViewController.m */,
				72F260AA26A3987600C26BC6 /* DKModalViewController.h */,
				72F260AB26A3987600C26BC6 /* DKModalViewController.m */,
			);
			name = ViewControllers;
			sourceTree = "<group>";
		};
		72F2608926A2E8D500C26BC6 /* Views */ = {
			isa = PBXGroup;
			children = (
				72F2608526A2E8CB00C26BC6 /* DKDrawingsView.h */,
				72F2608626A2E8CB00C26BC6 /* DKDrawingsView.m */,
				72ADEBAF26A4B1E900D1B8B8 /* DKPaletteView.h */,
				72ADEBB026A4B1E900D1B8B8 /* DKPaletteView.m */,
				7245059C26A5C80F00004FDD /* DKColorButtonView.h */,
				7245059D26A5C80F00004FDD /* DKColorButtonView.m */,
				724505A026A62E2200004FDD /* DKSliderView.h */,
				724505A126A62E2200004FDD /* DKSliderView.m */,
			);
			name = Views;
			sourceTree = "<group>";
		};
		72F2609026A2ED4900C26BC6 /* Models */ = {
			isa = PBXGroup;
			children = (
				72ADEBB326A4EE2600D1B8B8 /* DKColorButton.h */,
				72ADEBB426A4EE2600D1B8B8 /* DKColorButton.m */,
				72F2608C26A2ED1F00C26BC6 /* DKButton.h */,
				72F2608D26A2ED1F00C26BC6 /* DKButton.m */,
				72F2609326A34E4600C26BC6 /* DKColor.h */,
				72F2609426A34E4600C26BC6 /* DKColor.m */,
			);
			name = Models;
			sourceTree = "<group>";
		};
		72F2609F26A3684C00C26BC6 /* Fonts */ = {
			isa = PBXGroup;
			children = (
				72F260A126A3686400C26BC6 /* Montserrat-Medium.ttf */,
				72F260A026A3686400C26BC6 /* Montserrat-Regular.ttf */,
			);
			name = Fonts;
			sourceTree = "<group>";
		};
/* End PBXGroup section */

/* Begin PBXNativeTarget section */
		72F2604F26A2C3B400C26BC6 /* RSSDraw */ = {
			isa = PBXNativeTarget;
			buildConfigurationList = 72F2606226A2C3B600C26BC6 /* Build configuration list for PBXNativeTarget "RSSDraw" */;
			buildPhases = (
				72F2604C26A2C3B400C26BC6 /* Sources */,
				72F2604D26A2C3B400C26BC6 /* Frameworks */,
				72F2604E26A2C3B400C26BC6 /* Resources */,
			);
			buildRules = (
			);
			dependencies = (
			);
			name = RSSDraw;
			productName = RSSDraw;
			productReference = 72F2605026A2C3B400C26BC6 /* RSSDraw.app */;
			productType = "com.apple.product-type.application";
		};
/* End PBXNativeTarget section */

/* Begin PBXProject section */
		72F2604826A2C3B400C26BC6 /* Project object */ = {
			isa = PBXProject;
			attributes = {
				LastSwiftUpdateCheck = 1240;
				LastUpgradeCheck = 1240;
				TargetAttributes = {
					72F2604F26A2C3B400C26BC6 = {
						CreatedOnToolsVersion = 12.4;
					};
				};
			};
			buildConfigurationList = 72F2604B26A2C3B400C26BC6 /* Build configuration list for PBXProject "RSSDraw" */;
			compatibilityVersion = "Xcode 9.3";
			developmentRegion = en;
			hasScannedForEncodings = 0;
			knownRegions = (
				en,
				Base,
			);
			mainGroup = 72F2604726A2C3B400C26BC6;
			productRefGroup = 72F2605126A2C3B400C26BC6 /* Products */;
			projectDirPath = "";
			projectRoot = "";
			targets = (
				72F2604F26A2C3B400C26BC6 /* RSSDraw */,
			);
		};
/* End PBXProject section */

/* Begin PBXResourcesBuildPhase section */
		72F2604E26A2C3B400C26BC6 /* Resources */ = {
			isa = PBXResourcesBuildPhase;
			buildActionMask = 2147483647;
			files = (
				72F2605926A2C3B600C26BC6 /* Assets.xcassets in Resources */,
				72F2605C26A2C3B600C26BC6 /* LaunchScreen.storyboard in Resources */,
			);
			runOnlyForDeploymentPostprocessing = 0;
		};
/* End PBXResourcesBuildPhase section */

/* Begin PBXSourcesBuildPhase section */
		72F2604C26A2C3B400C26BC6 /* Sources */ = {
			isa = PBXSourcesBuildPhase;
			buildActionMask = 2147483647;
			files = (
				7245059E26A5C80F00004FDD /* DKColorButtonView.m in Sources */,
				72F2609526A34E4600C26BC6 /* DKColor.m in Sources */,
				72F2608E26A2ED1F00C26BC6 /* DKButton.m in Sources */,
				72F2608726A2E8CB00C26BC6 /* DKDrawingsView.m in Sources */,
				72F2605F26A2C3B600C26BC6 /* main.m in Sources */,
				72ADEBB526A4EE2600D1B8B8 /* DKColorButton.m in Sources */,
				724505A226A62E2200004FDD /* DKSliderView.m in Sources */,
				72F2606D26A2C82300C26BC6 /* DKArtistViewController.m in Sources */,
				72F260AC26A3987600C26BC6 /* DKModalViewController.m in Sources */,
				72F2608026A2CEA900C26BC6 /* DKDrawingsViewController.m in Sources */,
				72ADEBB126A4B1E900D1B8B8 /* DKPaletteView.m in Sources */,
				72F2605526A2C3B400C26BC6 /* AppDelegate.m in Sources */,
			);
			runOnlyForDeploymentPostprocessing = 0;
		};
/* End PBXSourcesBuildPhase section */

/* Begin PBXVariantGroup section */
		72F2605A26A2C3B600C26BC6 /* LaunchScreen.storyboard */ = {
			isa = PBXVariantGroup;
			children = (
				72F2605B26A2C3B600C26BC6 /* Base */,
			);
			name = LaunchScreen.storyboard;
			sourceTree = "<group>";
		};
/* End PBXVariantGroup section */

/* Begin XCBuildConfiguration section */
		72F2606026A2C3B600C26BC6 /* Debug */ = {
			isa = XCBuildConfiguration;
			buildSettings = {
				ALWAYS_SEARCH_USER_PATHS = NO;
				CLANG_ANALYZER_NONNULL = YES;
				CLANG_ANALYZER_NUMBER_OBJECT_CONVERSION = YES_AGGRESSIVE;
				CLANG_CXX_LANGUAGE_STANDARD = "gnu++14";
				CLANG_CXX_LIBRARY = "libc++";
				CLANG_ENABLE_MODULES = YES;
				CLANG_ENABLE_OBJC_ARC = YES;
				CLANG_ENABLE_OBJC_WEAK = YES;
				CLANG_WARN_BLOCK_CAPTURE_AUTORELEASING = YES;
				CLANG_WARN_BOOL_CONVERSION = YES;
				CLANG_WARN_COMMA = YES;
				CLANG_WARN_CONSTANT_CONVERSION = YES;
				CLANG_WARN_DEPRECATED_OBJC_IMPLEMENTATIONS = YES;
				CLANG_WARN_DIRECT_OBJC_ISA_USAGE = YES_ERROR;
				CLANG_WARN_DOCUMENTATION_COMMENTS = YES;
				CLANG_WARN_EMPTY_BODY = YES;
				CLANG_WARN_ENUM_CONVERSION = YES;
				CLANG_WARN_INFINITE_RECURSION = YES;
				CLANG_WARN_INT_CONVERSION = YES;
				CLANG_WARN_NON_LITERAL_NULL_CONVERSION = YES;
				CLANG_WARN_OBJC_IMPLICIT_RETAIN_SELF = YES;
				CLANG_WARN_OBJC_LITERAL_CONVERSION = YES;
				CLANG_WARN_OBJC_ROOT_CLASS = YES_ERROR;
				CLANG_WARN_QUOTED_INCLUDE_IN_FRAMEWORK_HEADER = YES;
				CLANG_WARN_RANGE_LOOP_ANALYSIS = YES;
				CLANG_WARN_STRICT_PROTOTYPES = YES;
				CLANG_WARN_SUSPICIOUS_MOVE = YES;
				CLANG_WARN_UNGUARDED_AVAILABILITY = YES_AGGRESSIVE;
				CLANG_WARN_UNREACHABLE_CODE = YES;
				CLANG_WARN__DUPLICATE_METHOD_MATCH = YES;
				COPY_PHASE_STRIP = NO;
				DEBUG_INFORMATION_FORMAT = dwarf;
				ENABLE_STRICT_OBJC_MSGSEND = YES;
				ENABLE_TESTABILITY = YES;
				GCC_C_LANGUAGE_STANDARD = gnu11;
				GCC_DYNAMIC_NO_PIC = NO;
				GCC_NO_COMMON_BLOCKS = YES;
				GCC_OPTIMIZATION_LEVEL = 0;
				GCC_PREPROCESSOR_DEFINITIONS = (
					"DEBUG=1",
					"$(inherited)",
				);
				GCC_WARN_64_TO_32_BIT_CONVERSION = YES;
				GCC_WARN_ABOUT_RETURN_TYPE = YES_ERROR;
				GCC_WARN_UNDECLARED_SELECTOR = YES;
				GCC_WARN_UNINITIALIZED_AUTOS = YES_AGGRESSIVE;
				GCC_WARN_UNUSED_FUNCTION = YES;
				GCC_WARN_UNUSED_VARIABLE = YES;
				IPHONEOS_DEPLOYMENT_TARGET = 13.4;
				MTL_ENABLE_DEBUG_INFO = INCLUDE_SOURCE;
				MTL_FAST_MATH = YES;
				ONLY_ACTIVE_ARCH = YES;
				SDKROOT = iphoneos;
			};
			name = Debug;
		};
		72F2606126A2C3B600C26BC6 /* Release */ = {
			isa = XCBuildConfiguration;
			buildSettings = {
				ALWAYS_SEARCH_USER_PATHS = NO;
				CLANG_ANALYZER_NONNULL = YES;
				CLANG_ANALYZER_NUMBER_OBJECT_CONVERSION = YES_AGGRESSIVE;
				CLANG_CXX_LANGUAGE_STANDARD = "gnu++14";
				CLANG_CXX_LIBRARY = "libc++";
				CLANG_ENABLE_MODULES = YES;
				CLANG_ENABLE_OBJC_ARC = YES;
				CLANG_ENABLE_OBJC_WEAK = YES;
				CLANG_WARN_BLOCK_CAPTURE_AUTORELEASING = YES;
				CLANG_WARN_BOOL_CONVERSION = YES;
				CLANG_WARN_COMMA = YES;
				CLANG_WARN_CONSTANT_CONVERSION = YES;
				CLANG_WARN_DEPRECATED_OBJC_IMPLEMENTATIONS = YES;
				CLANG_WARN_DIRECT_OBJC_ISA_USAGE = YES_ERROR;
				CLANG_WARN_DOCUMENTATION_COMMENTS = YES;
				CLANG_WARN_EMPTY_BODY = YES;
				CLANG_WARN_ENUM_CONVERSION = YES;
				CLANG_WARN_INFINITE_RECURSION = YES;
				CLANG_WARN_INT_CONVERSION = YES;
				CLANG_WARN_NON_LITERAL_NULL_CONVERSION = YES;
				CLANG_WARN_OBJC_IMPLICIT_RETAIN_SELF = YES;
				CLANG_WARN_OBJC_LITERAL_CONVERSION = YES;
				CLANG_WARN_OBJC_ROOT_CLASS = YES_ERROR;
				CLANG_WARN_QUOTED_INCLUDE_IN_FRAMEWORK_HEADER = YES;
				CLANG_WARN_RANGE_LOOP_ANALYSIS = YES;
				CLANG_WARN_STRICT_PROTOTYPES = YES;
				CLANG_WARN_SUSPICIOUS_MOVE = YES;
				CLANG_WARN_UNGUARDED_AVAILABILITY = YES_AGGRESSIVE;
				CLANG_WARN_UNREACHABLE_CODE = YES;
				CLANG_WARN__DUPLICATE_METHOD_MATCH = YES;
				COPY_PHASE_STRIP = NO;
				DEBUG_INFORMATION_FORMAT = "dwarf-with-dsym";
				ENABLE_NS_ASSERTIONS = NO;
				ENABLE_STRICT_OBJC_MSGSEND = YES;
				GCC_C_LANGUAGE_STANDARD = gnu11;
				GCC_NO_COMMON_BLOCKS = YES;
				GCC_WARN_64_TO_32_BIT_CONVERSION = YES;
				GCC_WARN_ABOUT_RETURN_TYPE = YES_ERROR;
				GCC_WARN_UNDECLARED_SELECTOR = YES;
				GCC_WARN_UNINITIALIZED_AUTOS = YES_AGGRESSIVE;
				GCC_WARN_UNUSED_FUNCTION = YES;
				GCC_WARN_UNUSED_VARIABLE = YES;
				IPHONEOS_DEPLOYMENT_TARGET = 13.4;
				MTL_ENABLE_DEBUG_INFO = NO;
				MTL_FAST_MATH = YES;
				SDKROOT = iphoneos;
				VALIDATE_PRODUCT = YES;
			};
			name = Release;
		};
		72F2606326A2C3B600C26BC6 /* Debug */ = {
			isa = XCBuildConfiguration;
			buildSettings = {
				ASSETCATALOG_COMPILER_APPICON_NAME = AppIcon;
				ASSETCATALOG_COMPILER_GLOBAL_ACCENT_COLOR_NAME = AccentColor;
				CODE_SIGN_STYLE = Automatic;
				DEVELOPMENT_TEAM = 45KJ4W69K8;
				INFOPLIST_FILE = RSSDraw/Info.plist;
				LD_RUNPATH_SEARCH_PATHS = (
					"$(inherited)",
					"@executable_path/Frameworks",
				);
				PRODUCT_BUNDLE_IDENTIFIER = com.dimkomar.RSSDraw;
				PRODUCT_NAME = "$(TARGET_NAME)";
				TARGETED_DEVICE_FAMILY = "1,2";
			};
			name = Debug;
		};
		72F2606426A2C3B600C26BC6 /* Release */ = {
			isa = XCBuildConfiguration;
			buildSettings = {
				ASSETCATALOG_COMPILER_APPICON_NAME = AppIcon;
				ASSETCATALOG_COMPILER_GLOBAL_ACCENT_COLOR_NAME = AccentColor;
				CODE_SIGN_STYLE = Automatic;
				DEVELOPMENT_TEAM = 45KJ4W69K8;
				INFOPLIST_FILE = RSSDraw/Info.plist;
				LD_RUNPATH_SEARCH_PATHS = (
					"$(inherited)",
					"@executable_path/Frameworks",
				);
				PRODUCT_BUNDLE_IDENTIFIER = com.dimkomar.RSSDraw;
				PRODUCT_NAME = "$(TARGET_NAME)";
				TARGETED_DEVICE_FAMILY = "1,2";
			};
			name = Release;
		};
/* End XCBuildConfiguration section */

/* Begin XCConfigurationList section */
		72F2604B26A2C3B400C26BC6 /* Build configuration list for PBXProject "RSSDraw" */ = {
			isa = XCConfigurationList;
			buildConfigurations = (
				72F2606026A2C3B600C26BC6 /* Debug */,
				72F2606126A2C3B600C26BC6 /* Release */,
			);
			defaultConfigurationIsVisible = 0;
			defaultConfigurationName = Release;
		};
		72F2606226A2C3B600C26BC6 /* Build configuration list for PBXNativeTarget "RSSDraw" */ = {
			isa = XCConfigurationList;
			buildConfigurations = (
				72F2606326A2C3B600C26BC6 /* Debug */,
				72F2606426A2C3B600C26BC6 /* Release */,
			);
			defaultConfigurationIsVisible = 0;
			defaultConfigurationName = Release;
		};
/* End XCConfigurationList section */
	};
	rootObject = 72F2604826A2C3B400C26BC6 /* Project object */;
}
